
Microsoft Visual Studio Solution File, Format Version 12.00
# Visual Studio Version 16
VisualStudioVersion = 16.0.29509.3
MinimumVisualStudioVersion = 10.0.40219.1
Project("{8BC9CEB8-8B4A-11D0-8D11-00A0C91BC942}") = "AssigmentSolution", "AssigmentSolution\AssigmentSolution.vcxproj", "{0248E3BC-BFBC-49D8-B95F-F7C2B78364D3}"
EndProject
Global
	GlobalSection(SolutionConfigurationPlatforms) = preSolution
		Debug|x64 = Debug|x64
		Debug|x86 = Debug|x86
		Release|x64 = Release|x64
		Release|x86 = Release|x86
	EndGlobalSection
	GlobalSection(ProjectConfigurationPlatforms) = postSolution
		{0248E3BC-BFBC-49D8-B95F-F7C2B78364D3}.Debug|x64.ActiveCfg = Debug|x64
		{0248E3BC-BFBC-49D8-B95F-F7C2B78364D3}.Debug|x64.Build.0 = Debug|x64
		{0248E3BC-BFBC-49D8-B95F-F7C2B78364D3}.Debug|x86.ActiveCfg = Debug|Win32
		{0248E3BC-BFBC-49D8-B95F-F7C2B78364D3}.Debug|x86.Build.0 = Debug|Win32
		{0248E3BC-BFBC-49D8-B95F-F7C2B78364D3}.Release|x64.ActiveCfg = Release|x64
		{0248E3BC-BFBC-49D8-B95F-F7C2B78364D3}.Release|x64.Build.0 = Release|x64
		{0248E3BC-BFBC-49D8-B95F-F7C2B78364D3}.Release|x86.ActiveCfg = Release|Win32
		{0248E3BC-BFBC-49D8-B95F-F7C2B78364D3}.Release|x86.Build.0 = Release|Win32
	EndGlobalSection
	GlobalSection(SolutionProperties) = preSolution
		HideSolutionNode = FALSE
	EndGlobalSection
	GlobalSection(ExtensibilityGlobals) = postSolution
		SolutionGuid = {B742CE50-31B4-4227-ADD2-7CD9821D5DC0}
	EndGlobalSection
EndGlobal
